// !$*UTF8*$!
{
	archiveVersion = 1;
	classes = {
	};
	objectVersion = 56;
	objects = {

/* Begin PBXBuildFile section */
		EE35EB42297927F400C95A90 /* AppDelegate.swift in Sources */ = {isa = PBXBuildFile; fileRef = EE35EB41297927F400C95A90 /* AppDelegate.swift */; };
		EE35EB44297927F400C95A90 /* SceneDelegate.swift in Sources */ = {isa = PBXBuildFile; fileRef = EE35EB43297927F400C95A90 /* SceneDelegate.swift */; };
		EE35EB46297927F400C95A90 /* NonBreakingSpaceViewController.swift in Sources */ = {isa = PBXBuildFile; fileRef = EE35EB45297927F400C95A90 /* NonBreakingSpaceViewController.swift */; };
		EE35EB49297927F400C95A90 /* Main.storyboard in Resources */ = {isa = PBXBuildFile; fileRef = EE35EB47297927F400C95A90 /* Main.storyboard */; };
		EE35EB4B297927F500C95A90 /* Assets.xcassets in Resources */ = {isa = PBXBuildFile; fileRef = EE35EB4A297927F500C95A90 /* Assets.xcassets */; };
		EE35EB4E297927F500C95A90 /* LaunchScreen.storyboard in Resources */ = {isa = PBXBuildFile; fileRef = EE35EB4C297927F500C95A90 /* LaunchScreen.storyboard */; };
		EE35EB572979284400C95A90 /* TinyConstraints in Frameworks */ = {isa = PBXBuildFile; productRef = EE35EB562979284400C95A90 /* TinyConstraints */; };
		EE35EB5A2979288000C95A90 /* Then in Frameworks */ = {isa = PBXBuildFile; productRef = EE35EB592979288000C95A90 /* Then */; };
		EE65316F29826AA8003A5D7B /* README.md in Resources */ = {isa = PBXBuildFile; fileRef = EE65316E29826AA7003A5D7B /* README.md */; };
		EE65317229827839003A5D7B /* NavAnimationCompletionViewController.swift in Sources */ = {isa = PBXBuildFile; fileRef = EE65317129827839003A5D7B /* NavAnimationCompletionViewController.swift */; };
		EE653175298279CF003A5D7B /* UINavigationController+AnimationCompletion.swift in Sources */ = {isa = PBXBuildFile; fileRef = EE653174298279CF003A5D7B /* UINavigationController+AnimationCompletion.swift */; };
		EE6531C12994F62F003A5D7B /* DummyViewController.swift in Sources */ = {isa = PBXBuildFile; fileRef = EE6531C02994F62F003A5D7B /* DummyViewController.swift */; };
/* End PBXBuildFile section */

/* Begin PBXFileReference section */
		EE35EB3E297927F400C95A90 /* Playground.app */ = {isa = PBXFileReference; explicitFileType = wrapper.application; includeInIndex = 0; path = Playground.app; sourceTree = BUILT_PRODUCTS_DIR; };
		EE35EB41297927F400C95A90 /* AppDelegate.swift */ = {isa = PBXFileReference; lastKnownFileType = sourcecode.swift; path = AppDelegate.swift; sourceTree = "<group>"; };
		EE35EB43297927F400C95A90 /* SceneDelegate.swift */ = {isa = PBXFileReference; lastKnownFileType = sourcecode.swift; path = SceneDelegate.swift; sourceTree = "<group>"; };
		EE35EB45297927F400C95A90 /* NonBreakingSpaceViewController.swift */ = {isa = PBXFileReference; lastKnownFileType = sourcecode.swift; path = NonBreakingSpaceViewController.swift; sourceTree = "<group>"; };
		EE35EB48297927F400C95A90 /* Base */ = {isa = PBXFileReference; lastKnownFileType = file.storyboard; name = Base; path = Base.lproj/Main.storyboard; sourceTree = "<group>"; };
		EE35EB4A297927F500C95A90 /* Assets.xcassets */ = {isa = PBXFileReference; lastKnownFileType = folder.assetcatalog; path = Assets.xcassets; sourceTree = "<group>"; };
		EE35EB4D297927F500C95A90 /* Base */ = {isa = PBXFileReference; lastKnownFileType = file.storyboard; name = Base; path = Base.lproj/LaunchScreen.storyboard; sourceTree = "<group>"; };
		EE35EB4F297927F500C95A90 /* Info.plist */ = {isa = PBXFileReference; lastKnownFileType = text.plist.xml; path = Info.plist; sourceTree = "<group>"; };
		EE65316E29826AA7003A5D7B /* README.md */ = {isa = PBXFileReference; fileEncoding = 4; lastKnownFileType = net.daringfireball.markdown; path = README.md; sourceTree = "<group>"; };
		EE65317129827839003A5D7B /* NavAnimationCompletionViewController.swift */ = {isa = PBXFileReference; lastKnownFileType = sourcecode.swift; path = NavAnimationCompletionViewController.swift; sourceTree = "<group>"; };
		EE653174298279CF003A5D7B /* UINavigationController+AnimationCompletion.swift */ = {isa = PBXFileReference; lastKnownFileType = sourcecode.swift; path = "UINavigationController+AnimationCompletion.swift"; sourceTree = "<group>"; };
		EE6531C02994F62F003A5D7B /* DummyViewController.swift */ = {isa = PBXFileReference; lastKnownFileType = sourcecode.swift; path = DummyViewController.swift; sourceTree = "<group>"; };
/* End PBXFileReference section */

/* Begin PBXFrameworksBuildPhase section */
		EE35EB3B297927F400C95A90 /* Frameworks */ = {
			isa = PBXFrameworksBuildPhase;
			buildActionMask = 2147483647;
			files = (
				EE35EB572979284400C95A90 /* TinyConstraints in Frameworks */,
				EE35EB5A2979288000C95A90 /* Then in Frameworks */,
			);
			runOnlyForDeploymentPostprocessing = 0;
		};
/* End PBXFrameworksBuildPhase section */

/* Begin PBXGroup section */
		EE35EB35297927F400C95A90 = {
			isa = PBXGroup;
			children = (
				EE65316E29826AA7003A5D7B /* README.md */,
				EE35EB40297927F400C95A90 /* Playground */,
				EE35EB3F297927F400C95A90 /* Products */,
			);
			sourceTree = "<group>";
		};
		EE35EB3F297927F400C95A90 /* Products */ = {
			isa = PBXGroup;
			children = (
				EE35EB3E297927F400C95A90 /* Playground.app */,
			);
			name = Products;
			sourceTree = "<group>";
		};
		EE35EB40297927F400C95A90 /* Playground */ = {
			isa = PBXGroup;
			children = (
				EE35EB41297927F400C95A90 /* AppDelegate.swift */,
				EE35EB43297927F400C95A90 /* SceneDelegate.swift */,
				EE35EB45297927F400C95A90 /* NonBreakingSpaceViewController.swift */,
				EE65317129827839003A5D7B /* NavAnimationCompletionViewController.swift */,
				EE6531C02994F62F003A5D7B /* DummyViewController.swift */,
				EE653173298279AB003A5D7B /* Mixin */,
				EE35EB47297927F400C95A90 /* Main.storyboard */,
				EE35EB4A297927F500C95A90 /* Assets.xcassets */,
				EE35EB4C297927F500C95A90 /* LaunchScreen.storyboard */,
				EE35EB4F297927F500C95A90 /* Info.plist */,
			);
			path = Playground;
			sourceTree = "<group>";
		};
		EE653173298279AB003A5D7B /* Mixin */ = {
			isa = PBXGroup;
			children = (
				EE653174298279CF003A5D7B /* UINavigationController+AnimationCompletion.swift */,
			);
			path = Mixin;
			sourceTree = "<group>";
		};
/* End PBXGroup section */

/* Begin PBXNativeTarget section */
		EE35EB3D297927F400C95A90 /* Playground */ = {
			isa = PBXNativeTarget;
			buildConfigurationList = EE35EB52297927F500C95A90 /* Build configuration list for PBXNativeTarget "Playground" */;
			buildPhases = (
				EE35EB3A297927F400C95A90 /* Sources */,
				EE35EB3B297927F400C95A90 /* Frameworks */,
				EE35EB3C297927F400C95A90 /* Resources */,
			);
			buildRules = (
			);
			dependencies = (
			);
			name = Playground;
			packageProductDependencies = (
				EE35EB562979284400C95A90 /* TinyConstraints */,
				EE35EB592979288000C95A90 /* Then */,
			);
			productName = Playground;
			productReference = EE35EB3E297927F400C95A90 /* Playground.app */;
			productType = "com.apple.product-type.application";
		};
/* End PBXNativeTarget section */

/* Begin PBXProject section */
		EE35EB36297927F400C95A90 /* Project object */ = {
			isa = PBXProject;
			attributes = {
				BuildIndependentTargetsInParallel = 1;
				LastSwiftUpdateCheck = 1410;
				LastUpgradeCheck = 1410;
				TargetAttributes = {
					EE35EB3D297927F400C95A90 = {
						CreatedOnToolsVersion = 14.1;
					};
				};
			};
			buildConfigurationList = EE35EB39297927F400C95A90 /* Build configuration list for PBXProject "Playground" */;
			compatibilityVersion = "Xcode 14.0";
			developmentRegion = en;
			hasScannedForEncodings = 0;
			knownRegions = (
				en,
				Base,
			);
			mainGroup = EE35EB35297927F400C95A90;
			packageReferences = (
				EE35EB552979284400C95A90 /* XCRemoteSwiftPackageReference "TinyConstraints" */,
				EE35EB582979287F00C95A90 /* XCRemoteSwiftPackageReference "Then" */,
			);
			productRefGroup = EE35EB3F297927F400C95A90 /* Products */;
			projectDirPath = "";
			projectRoot = "";
			targets = (
				EE35EB3D297927F400C95A90 /* Playground */,
			);
		};
/* End PBXProject section */

/* Begin PBXResourcesBuildPhase section */
		EE35EB3C297927F400C95A90 /* Resources */ = {
			isa = PBXResourcesBuildPhase;
			buildActionMask = 2147483647;
			files = (
				EE35EB4E297927F500C95A90 /* LaunchScreen.storyboard in Resources */,
				EE35EB4B297927F500C95A90 /* Assets.xcassets in Resources */,
				EE65316F29826AA8003A5D7B /* README.md in Resources */,
				EE35EB49297927F400C95A90 /* Main.storyboard in Resources */,
			);
			runOnlyForDeploymentPostprocessing = 0;
		};
/* End PBXResourcesBuildPhase section */

/* Begin PBXSourcesBuildPhase section */
		EE35EB3A297927F400C95A90 /* Sources */ = {
			isa = PBXSourcesBuildPhase;
			buildActionMask = 2147483647;
			files = (
				EE35EB46297927F400C95A90 /* NonBreakingSpaceViewController.swift in Sources */,
				EE6531C12994F62F003A5D7B /* DummyViewController.swift in Sources */,
				EE35EB42297927F400C95A90 /* AppDelegate.swift in Sources */,
				EE653175298279CF003A5D7B /* UINavigationController+AnimationCompletion.swift in Sources */,
				EE35EB44297927F400C95A90 /* SceneDelegate.swift in Sources */,
				EE65317229827839003A5D7B /* NavAnimationCompletionViewController.swift in Sources */,
			);
			runOnlyForDeploymentPostprocessing = 0;
		};
/* End PBXSourcesBuildPhase section */

/* Begin PBXVariantGroup section */
		EE35EB47297927F400C95A90 /* Main.storyboard */ = {
			isa = PBXVariantGroup;
			children = (
				EE35EB48297927F400C95A90 /* Base */,
			);
			name = Main.storyboard;
			sourceTree = "<group>";
		};
		EE35EB4C297927F500C95A90 /* LaunchScreen.storyboard */ = {
			isa = PBXVariantGroup;
			children = (
				EE35EB4D297927F500C95A90 /* Base */,
			);
			name = LaunchScreen.storyboard;
			sourceTree = "<group>";
		};
/* End PBXVariantGroup section */

/* Begin XCBuildConfiguration section */
		EE35EB50297927F500C95A90 /* Debug */ = {
			isa = XCBuildConfiguration;
			buildSettings = {
				ALWAYS_SEARCH_USER_PATHS = NO;
				CLANG_ANALYZER_NONNULL = YES;
				CLANG_ANALYZER_NUMBER_OBJECT_CONVERSION = YES_AGGRESSIVE;
				CLANG_CXX_LANGUAGE_STANDARD = "gnu++20";
				CLANG_ENABLE_MODULES = YES;
				CLANG_ENABLE_OBJC_ARC = YES;
				CLANG_ENABLE_OBJC_WEAK = YES;
				CLANG_WARN_BLOCK_CAPTURE_AUTORELEASING = YES;
				CLANG_WARN_BOOL_CONVERSION = YES;
				CLANG_WARN_COMMA = YES;
				CLANG_WARN_CONSTANT_CONVERSION = YES;
				CLANG_WARN_DEPRECATED_OBJC_IMPLEMENTATIONS = YES;
				CLANG_WARN_DIRECT_OBJC_ISA_USAGE = YES_ERROR;
				CLANG_WARN_DOCUMENTATION_COMMENTS = YES;
				CLANG_WARN_EMPTY_BODY = YES;
				CLANG_WARN_ENUM_CONVERSION = YES;
				CLANG_WARN_INFINITE_RECURSION = YES;
				CLANG_WARN_INT_CONVERSION = YES;
				CLANG_WARN_NON_LITERAL_NULL_CONVERSION = YES;
				CLANG_WARN_OBJC_IMPLICIT_RETAIN_SELF = YES;
				CLANG_WARN_OBJC_LITERAL_CONVERSION = YES;
				CLANG_WARN_OBJC_ROOT_CLASS = YES_ERROR;
				CLANG_WARN_QUOTED_INCLUDE_IN_FRAMEWORK_HEADER = YES;
				CLANG_WARN_RANGE_LOOP_ANALYSIS = YES;
				CLANG_WARN_STRICT_PROTOTYPES = YES;
				CLANG_WARN_SUSPICIOUS_MOVE = YES;
				CLANG_WARN_UNGUARDED_AVAILABILITY = YES_AGGRESSIVE;
				CLANG_WARN_UNREACHABLE_CODE = YES;
				CLANG_WARN__DUPLICATE_METHOD_MATCH = YES;
				COPY_PHASE_STRIP = NO;
				DEBUG_INFORMATION_FORMAT = dwarf;
				ENABLE_STRICT_OBJC_MSGSEND = YES;
				ENABLE_TESTABILITY = YES;
				GCC_C_LANGUAGE_STANDARD = gnu11;
				GCC_DYNAMIC_NO_PIC = NO;
				GCC_NO_COMMON_BLOCKS = YES;
				GCC_OPTIMIZATION_LEVEL = 0;
				GCC_PREPROCESSOR_DEFINITIONS = (
					"DEBUG=1",
					"$(inherited)",
				);
				GCC_WARN_64_TO_32_BIT_CONVERSION = YES;
				GCC_WARN_ABOUT_RETURN_TYPE = YES_ERROR;
				GCC_WARN_UNDECLARED_SELECTOR = YES;
				GCC_WARN_UNINITIALIZED_AUTOS = YES_AGGRESSIVE;
				GCC_WARN_UNUSED_FUNCTION = YES;
				GCC_WARN_UNUSED_VARIABLE = YES;
				IPHONEOS_DEPLOYMENT_TARGET = 13.0;
				MTL_ENABLE_DEBUG_INFO = INCLUDE_SOURCE;
				MTL_FAST_MATH = YES;
				ONLY_ACTIVE_ARCH = YES;
				SDKROOT = iphoneos;
				SWIFT_ACTIVE_COMPILATION_CONDITIONS = DEBUG;
				SWIFT_OPTIMIZATION_LEVEL = "-Onone";
			};
			name = Debug;
		};
		EE35EB51297927F500C95A90 /* Release */ = {
			isa = XCBuildConfiguration;
			buildSettings = {
				ALWAYS_SEARCH_USER_PATHS = NO;
				CLANG_ANALYZER_NONNULL = YES;
				CLANG_ANALYZER_NUMBER_OBJECT_CONVERSION = YES_AGGRESSIVE;
				CLANG_CXX_LANGUAGE_STANDARD = "gnu++20";
				CLANG_ENABLE_MODULES = YES;
				CLANG_ENABLE_OBJC_ARC = YES;
				CLANG_ENABLE_OBJC_WEAK = YES;
				CLANG_WARN_BLOCK_CAPTURE_AUTORELEASING = YES;
				CLANG_WARN_BOOL_CONVERSION = YES;
				CLANG_WARN_COMMA = YES;
				CLANG_WARN_CONSTANT_CONVERSION = YES;
				CLANG_WARN_DEPRECATED_OBJC_IMPLEMENTATIONS = YES;
				CLANG_WARN_DIRECT_OBJC_ISA_USAGE = YES_ERROR;
				CLANG_WARN_DOCUMENTATION_COMMENTS = YES;
				CLANG_WARN_EMPTY_BODY = YES;
				CLANG_WARN_ENUM_CONVERSION = YES;
				CLANG_WARN_INFINITE_RECURSION = YES;
				CLANG_WARN_INT_CONVERSION = YES;
				CLANG_WARN_NON_LITERAL_NULL_CONVERSION = YES;
				CLANG_WARN_OBJC_IMPLICIT_RETAIN_SELF = YES;
				CLANG_WARN_OBJC_LITERAL_CONVERSION = YES;
				CLANG_WARN_OBJC_ROOT_CLASS = YES_ERROR;
				CLANG_WARN_QUOTED_INCLUDE_IN_FRAMEWORK_HEADER = YES;
				CLANG_WARN_RANGE_LOOP_ANALYSIS = YES;
				CLANG_WARN_STRICT_PROTOTYPES = YES;
				CLANG_WARN_SUSPICIOUS_MOVE = YES;
				CLANG_WARN_UNGUARDED_AVAILABILITY = YES_AGGRESSIVE;
				CLANG_WARN_UNREACHABLE_CODE = YES;
				CLANG_WARN__DUPLICATE_METHOD_MATCH = YES;
				COPY_PHASE_STRIP = NO;
				DEBUG_INFORMATION_FORMAT = "dwarf-with-dsym";
				ENABLE_NS_ASSERTIONS = NO;
				ENABLE_STRICT_OBJC_MSGSEND = YES;
				GCC_C_LANGUAGE_STANDARD = gnu11;
				GCC_NO_COMMON_BLOCKS = YES;
				GCC_WARN_64_TO_32_BIT_CONVERSION = YES;
				GCC_WARN_ABOUT_RETURN_TYPE = YES_ERROR;
				GCC_WARN_UNDECLARED_SELECTOR = YES;
				GCC_WARN_UNINITIALIZED_AUTOS = YES_AGGRESSIVE;
				GCC_WARN_UNUSED_FUNCTION = YES;
				GCC_WARN_UNUSED_VARIABLE = YES;
				IPHONEOS_DEPLOYMENT_TARGET = 13.0;
				MTL_ENABLE_DEBUG_INFO = NO;
				MTL_FAST_MATH = YES;
				SDKROOT = iphoneos;
				SWIFT_COMPILATION_MODE = wholemodule;
				SWIFT_OPTIMIZATION_LEVEL = "-O";
				VALIDATE_PRODUCT = YES;
			};
			name = Release;
		};
		EE35EB53297927F500C95A90 /* Debug */ = {
			isa = XCBuildConfiguration;
			buildSettings = {
				ASSETCATALOG_COMPILER_APPICON_NAME = AppIcon;
				ASSETCATALOG_COMPILER_GLOBAL_ACCENT_COLOR_NAME = AccentColor;
				CODE_SIGN_STYLE = Automatic;
				CURRENT_PROJECT_VERSION = 1;
				DEVELOPMENT_TEAM = 5EP7PAK557;
				GENERATE_INFOPLIST_FILE = YES;
				INFOPLIST_FILE = Playground/Info.plist;
				INFOPLIST_KEY_UIApplicationSupportsIndirectInputEvents = YES;
				INFOPLIST_KEY_UILaunchStoryboardName = LaunchScreen;
				INFOPLIST_KEY_UIMainStoryboardFile = Main;
				INFOPLIST_KEY_UISupportedInterfaceOrientations = UIInterfaceOrientationPortrait;
				INFOPLIST_KEY_UISupportedInterfaceOrientations_iPad = "UIInterfaceOrientationLandscapeLeft UIInterfaceOrientationLandscapeRight UIInterfaceOrientationPortrait UIInterfaceOrientationPortraitUpsideDown";
				LD_RUNPATH_SEARCH_PATHS = (
					"$(inherited)",
					"@executable_path/Frameworks",
				);
				MARKETING_VERSION = 1.0;
				PRODUCT_BUNDLE_IDENTIFIER = "hlwan.io.ios-playground";
				PRODUCT_NAME = "$(TARGET_NAME)";
				SUPPORTED_PLATFORMS = "iphoneos iphonesimulator";
				SUPPORTS_MACCATALYST = NO;
				SUPPORTS_MAC_DESIGNED_FOR_IPHONE_IPAD = YES;
				SWIFT_EMIT_LOC_STRINGS = YES;
				SWIFT_VERSION = 5.0;
				TARGETED_DEVICE_FAMILY = 1;
			};
			name = Debug;
		};
		EE35EB54297927F500C95A90 /* Release */ = {
			isa = XCBuildConfiguration;
			buildSettings = {
				ASSETCATALOG_COMPILER_APPICON_NAME = AppIcon;
				ASSETCATALOG_COMPILER_GLOBAL_ACCENT_COLOR_NAME = AccentColor;
				CODE_SIGN_STYLE = Automatic;
				CURRENT_PROJECT_VERSION = 1;
				DEVELOPMENT_TEAM = 5EP7PAK557;
				GENERATE_INFOPLIST_FILE = YES;
				INFOPLIST_FILE = Playground/Info.plist;
				INFOPLIST_KEY_UIApplicationSupportsIndirectInputEvents = YES;
				INFOPLIST_KEY_UILaunchStoryboardName = LaunchScreen;
				INFOPLIST_KEY_UIMainStoryboardFile = Main;
				INFOPLIST_KEY_UISupportedInterfaceOrientations = UIInterfaceOrientationPortrait;
				INFOPLIST_KEY_UISupportedInterfaceOrientations_iPad = "UIInterfaceOrientationLandscapeLeft UIInterfaceOrientationLandscapeRight UIInterfaceOrientationPortrait UIInterfaceOrientationPortraitUpsideDown";
				LD_RUNPATH_SEARCH_PATHS = (
					"$(inherited)",
					"@executable_path/Frameworks",
				);
				MARKETING_VERSION = 1.0;
				PRODUCT_BUNDLE_IDENTIFIER = "hlwan.io.ios-playground";
				PRODUCT_NAME = "$(TARGET_NAME)";
				SUPPORTED_PLATFORMS = "iphoneos iphonesimulator";
				SUPPORTS_MACCATALYST = NO;
				SUPPORTS_MAC_DESIGNED_FOR_IPHONE_IPAD = YES;
				SWIFT_EMIT_LOC_STRINGS = YES;
				SWIFT_VERSION = 5.0;
				TARGETED_DEVICE_FAMILY = 1;
			};
			name = Release;
		};
/* End XCBuildConfiguration section */

/* Begin XCConfigurationList section */
		EE35EB39297927F400C95A90 /* Build configuration list for PBXProject "Playground" */ = {
			isa = XCConfigurationList;
			buildConfigurations = (
				EE35EB50297927F500C95A90 /* Debug */,
				EE35EB51297927F500C95A90 /* Release */,
			);
			defaultConfigurationIsVisible = 0;
			defaultConfigurationName = Release;
		};
		EE35EB52297927F500C95A90 /* Build configuration list for PBXNativeTarget "Playground" */ = {
			isa = XCConfigurationList;
			buildConfigurations = (
				EE35EB53297927F500C95A90 /* Debug */,
				EE35EB54297927F500C95A90 /* Release */,
			);
			defaultConfigurationIsVisible = 0;
			defaultConfigurationName = Release;
		};
/* End XCConfigurationList section */

/* Begin XCRemoteSwiftPackageReference section */
		EE35EB552979284400C95A90 /* XCRemoteSwiftPackageReference "TinyConstraints" */ = {
			isa = XCRemoteSwiftPackageReference;
			repositoryURL = "https://github.com/roberthein/TinyConstraints";
			requirement = {
				kind = upToNextMajorVersion;
				minimumVersion = 4.0.0;
			};
		};
		EE35EB582979287F00C95A90 /* XCRemoteSwiftPackageReference "Then" */ = {
			isa = XCRemoteSwiftPackageReference;
			repositoryURL = "https://github.com/devxoul/Then";
			requirement = {
				kind = upToNextMajorVersion;
				minimumVersion = 3.0.0;
			};
		};
/* End XCRemoteSwiftPackageReference section */

/* Begin XCSwiftPackageProductDependency section */
		EE35EB562979284400C95A90 /* TinyConstraints */ = {
			isa = XCSwiftPackageProductDependency;
			package = EE35EB552979284400C95A90 /* XCRemoteSwiftPackageReference "TinyConstraints" */;
			productName = TinyConstraints;
		};
		EE35EB592979288000C95A90 /* Then */ = {
			isa = XCSwiftPackageProductDependency;
			package = EE35EB582979287F00C95A90 /* XCRemoteSwiftPackageReference "Then" */;
			productName = Then;
		};
/* End XCSwiftPackageProductDependency section */
	};
	rootObject = EE35EB36297927F400C95A90 /* Project object */;
}
